// !$*UTF8*$!
{
	archiveVersion = 1;
	classes = {
	};
	objectVersion = 46;
	objects = {

/* Begin PBXBuildFile section */
		9F97591402A6852999CFD59D /* Pods_AeTrapp.framework in Frameworks */ = {isa = PBXBuildFile; fileRef = 01FDF1E52F66D5E396751EEC /* Pods_AeTrapp.framework */; };
		B52C0FD01F33CC28008AF507 /* Onboarding.swift in Sources */ = {isa = PBXBuildFile; fileRef = B52C0FCF1F33CC28008AF507 /* Onboarding.swift */; };
		B52CC44F1F1C6ED50068A1E1 /* UIViewController+Extensions.swift in Sources */ = {isa = PBXBuildFile; fileRef = B52CC44E1F1C6ED50068A1E1 /* UIViewController+Extensions.swift */; };
		B5C2340D1F08952700EF7F49 /* AppDelegate.swift in Sources */ = {isa = PBXBuildFile; fileRef = B5C2340C1F08952700EF7F49 /* AppDelegate.swift */; };
		B5C2340F1F08952700EF7F49 /* ViewController.swift in Sources */ = {isa = PBXBuildFile; fileRef = B5C2340E1F08952700EF7F49 /* ViewController.swift */; };
		B5C234121F08952700EF7F49 /* Main.storyboard in Resources */ = {isa = PBXBuildFile; fileRef = B5C234101F08952700EF7F49 /* Main.storyboard */; };
		B5C234141F08952700EF7F49 /* Assets.xcassets in Resources */ = {isa = PBXBuildFile; fileRef = B5C234131F08952700EF7F49 /* Assets.xcassets */; };
		B5C234171F08952700EF7F49 /* LaunchScreen.storyboard in Resources */ = {isa = PBXBuildFile; fileRef = B5C234151F08952700EF7F49 /* LaunchScreen.storyboard */; };
		B5CF205F1F3276C2009E552E /* Onboarding.storyboard in Resources */ = {isa = PBXBuildFile; fileRef = B5CF205E1F3276C2009E552E /* Onboarding.storyboard */; };
/* End PBXBuildFile section */

/* Begin PBXFileReference section */
		01FDF1E52F66D5E396751EEC /* Pods_AeTrapp.framework */ = {isa = PBXFileReference; explicitFileType = wrapper.framework; includeInIndex = 0; path = Pods_AeTrapp.framework; sourceTree = BUILT_PRODUCTS_DIR; };
		714543EB4D5A62FF41AF947E /* Pods-AeTrapp.release.xcconfig */ = {isa = PBXFileReference; includeInIndex = 1; lastKnownFileType = text.xcconfig; name = "Pods-AeTrapp.release.xcconfig"; path = "Pods/Target Support Files/Pods-AeTrapp/Pods-AeTrapp.release.xcconfig"; sourceTree = "<group>"; };
		96C11A3C4F9D041C2A435077 /* Pods-AeTrapp.debug.xcconfig */ = {isa = PBXFileReference; includeInIndex = 1; lastKnownFileType = text.xcconfig; name = "Pods-AeTrapp.debug.xcconfig"; path = "Pods/Target Support Files/Pods-AeTrapp/Pods-AeTrapp.debug.xcconfig"; sourceTree = "<group>"; };
		B52C0FCF1F33CC28008AF507 /* Onboarding.swift */ = {isa = PBXFileReference; fileEncoding = 4; lastKnownFileType = sourcecode.swift; path = Onboarding.swift; sourceTree = "<group>"; };
		B52CC44E1F1C6ED50068A1E1 /* UIViewController+Extensions.swift */ = {isa = PBXFileReference; fileEncoding = 4; lastKnownFileType = sourcecode.swift; path = "UIViewController+Extensions.swift"; sourceTree = "<group>"; };
		B5C234091F08952700EF7F49 /* AeTrapp.app */ = {isa = PBXFileReference; explicitFileType = wrapper.application; includeInIndex = 0; path = AeTrapp.app; sourceTree = BUILT_PRODUCTS_DIR; };
		B5C2340C1F08952700EF7F49 /* AppDelegate.swift */ = {isa = PBXFileReference; lastKnownFileType = sourcecode.swift; path = AppDelegate.swift; sourceTree = "<group>"; };
		B5C2340E1F08952700EF7F49 /* ViewController.swift */ = {isa = PBXFileReference; lastKnownFileType = sourcecode.swift; path = ViewController.swift; sourceTree = "<group>"; };
		B5C234111F08952700EF7F49 /* Base */ = {isa = PBXFileReference; lastKnownFileType = file.storyboard; name = Base; path = Base.lproj/Main.storyboard; sourceTree = "<group>"; };
		B5C234131F08952700EF7F49 /* Assets.xcassets */ = {isa = PBXFileReference; lastKnownFileType = folder.assetcatalog; path = Assets.xcassets; sourceTree = "<group>"; };
		B5C234161F08952700EF7F49 /* Base */ = {isa = PBXFileReference; lastKnownFileType = file.storyboard; name = Base; path = Base.lproj/LaunchScreen.storyboard; sourceTree = "<group>"; };
		B5C234181F08952700EF7F49 /* Info.plist */ = {isa = PBXFileReference; lastKnownFileType = text.plist.xml; path = Info.plist; sourceTree = "<group>"; };
		B5CF205E1F3276C2009E552E /* Onboarding.storyboard */ = {isa = PBXFileReference; fileEncoding = 4; lastKnownFileType = file.storyboard; path = Onboarding.storyboard; sourceTree = "<group>"; };
/* End PBXFileReference section */

/* Begin PBXFrameworksBuildPhase section */
		B5C234061F08952700EF7F49 /* Frameworks */ = {
			isa = PBXFrameworksBuildPhase;
			buildActionMask = 2147483647;
			files = (
				9F97591402A6852999CFD59D /* Pods_AeTrapp.framework in Frameworks */,
			);
			runOnlyForDeploymentPostprocessing = 0;
		};
/* End PBXFrameworksBuildPhase section */

/* Begin PBXGroup section */
		47818A7910AE70E8D439A244 /* Pods */ = {
			isa = PBXGroup;
			children = (
				96C11A3C4F9D041C2A435077 /* Pods-AeTrapp.debug.xcconfig */,
				714543EB4D5A62FF41AF947E /* Pods-AeTrapp.release.xcconfig */,
			);
			name = Pods;
			sourceTree = "<group>";
		};
		A99EE10C2AC03EB2F9A0417D /* Frameworks */ = {
			isa = PBXGroup;
			children = (
				01FDF1E52F66D5E396751EEC /* Pods_AeTrapp.framework */,
			);
			name = Frameworks;
			sourceTree = "<group>";
		};
		B5C234001F08952700EF7F49 = {
			isa = PBXGroup;
			children = (
				B5C2340B1F08952700EF7F49 /* AeTrapp */,
				B5C2340A1F08952700EF7F49 /* Products */,
				47818A7910AE70E8D439A244 /* Pods */,
				A99EE10C2AC03EB2F9A0417D /* Frameworks */,
			);
			sourceTree = "<group>";
		};
		B5C2340A1F08952700EF7F49 /* Products */ = {
			isa = PBXGroup;
			children = (
				B5C234091F08952700EF7F49 /* AeTrapp.app */,
			);
			name = Products;
			sourceTree = "<group>";
		};
		B5C2340B1F08952700EF7F49 /* AeTrapp */ = {
			isa = PBXGroup;
			children = (
				B5C2340C1F08952700EF7F49 /* AppDelegate.swift */,
				B5C234231F089DC700EF7F49 /* Supporting Files */,
				B5C234221F089DBB00EF7F49 /* Storyboards */,
				B5C234211F089DB000EF7F49 /* Networking */,
				B5C234201F089DA900EF7F49 /* Extensions */,
				B5C2341F1F089DA400EF7F49 /* Model */,
				B5C2341E1F089D9B00EF7F49 /* Controllers */,
			);
			path = AeTrapp;
			sourceTree = "<group>";
		};
		B5C2341E1F089D9B00EF7F49 /* Controllers */ = {
			isa = PBXGroup;
			children = (
				B5C2340E1F08952700EF7F49 /* ViewController.swift */,
				B52C0FCF1F33CC28008AF507 /* Onboarding.swift */,
			);
			name = Controllers;
			sourceTree = "<group>";
		};
		B5C2341F1F089DA400EF7F49 /* Model */ = {
			isa = PBXGroup;
			children = (
			);
			name = Model;
			sourceTree = "<group>";
		};
		B5C234201F089DA900EF7F49 /* Extensions */ = {
			isa = PBXGroup;
			children = (
				B52CC44E1F1C6ED50068A1E1 /* UIViewController+Extensions.swift */,
			);
			name = Extensions;
			sourceTree = "<group>";
		};
		B5C234211F089DB000EF7F49 /* Networking */ = {
			isa = PBXGroup;
			children = (
			);
			name = Networking;
			sourceTree = "<group>";
		};
		B5C234221F089DBB00EF7F49 /* Storyboards */ = {
			isa = PBXGroup;
			children = (
				B5C234101F08952700EF7F49 /* Main.storyboard */,
				B5CF205E1F3276C2009E552E /* Onboarding.storyboard */,
			);
			name = Storyboards;
			sourceTree = "<group>";
		};
		B5C234231F089DC700EF7F49 /* Supporting Files */ = {
			isa = PBXGroup;
			children = (
				B5C234131F08952700EF7F49 /* Assets.xcassets */,
				B5C234151F08952700EF7F49 /* LaunchScreen.storyboard */,
				B5C234181F08952700EF7F49 /* Info.plist */,
			);
			name = "Supporting Files";
			sourceTree = "<group>";
		};
/* End PBXGroup section */

/* Begin PBXNativeTarget section */
		B5C234081F08952700EF7F49 /* AeTrapp */ = {
			isa = PBXNativeTarget;
			buildConfigurationList = B5C2341B1F08952700EF7F49 /* Build configuration list for PBXNativeTarget "AeTrapp" */;
			buildPhases = (
				C92FA2CF29001646C21D8BBE /* [CP] Check Pods Manifest.lock */,
				B5C234051F08952700EF7F49 /* Sources */,
				B5C234061F08952700EF7F49 /* Frameworks */,
				B5C234071F08952700EF7F49 /* Resources */,
				46385FE919B01DB3FB3BEBAE /* [CP] Embed Pods Frameworks */,
				E15BC96C7558E50B5EBD9B82 /* [CP] Copy Pods Resources */,
				B52CC44D1F1C672E0068A1E1 /* ShellScript */,
			);
			buildRules = (
			);
			dependencies = (
			);
			name = AeTrapp;
			productName = AeTrapp;
			productReference = B5C234091F08952700EF7F49 /* AeTrapp.app */;
			productType = "com.apple.product-type.application";
		};
/* End PBXNativeTarget section */

/* Begin PBXProject section */
		B5C234011F08952700EF7F49 /* Project object */ = {
			isa = PBXProject;
			attributes = {
				LastSwiftUpdateCheck = 0830;
				LastUpgradeCheck = 0830;
				ORGANIZATIONNAME = "Renan Matias";
				TargetAttributes = {
					B5C234081F08952700EF7F49 = {
						CreatedOnToolsVersion = 8.3.2;
						DevelopmentTeam = 672A5ZY4XW;
						ProvisioningStyle = Automatic;
					};
				};
			};
			buildConfigurationList = B5C234041F08952700EF7F49 /* Build configuration list for PBXProject "AeTrapp" */;
			compatibilityVersion = "Xcode 3.2";
			developmentRegion = English;
			hasScannedForEncodings = 0;
			knownRegions = (
				en,
				Base,
			);
			mainGroup = B5C234001F08952700EF7F49;
			productRefGroup = B5C2340A1F08952700EF7F49 /* Products */;
			projectDirPath = "";
			projectRoot = "";
			targets = (
				B5C234081F08952700EF7F49 /* AeTrapp */,
			);
		};
/* End PBXProject section */

/* Begin PBXResourcesBuildPhase section */
		B5C234071F08952700EF7F49 /* Resources */ = {
			isa = PBXResourcesBuildPhase;
			buildActionMask = 2147483647;
			files = (
				B5C234171F08952700EF7F49 /* LaunchScreen.storyboard in Resources */,
				B5C234141F08952700EF7F49 /* Assets.xcassets in Resources */,
				B5C234121F08952700EF7F49 /* Main.storyboard in Resources */,
				B5CF205F1F3276C2009E552E /* Onboarding.storyboard in Resources */,
			);
			runOnlyForDeploymentPostprocessing = 0;
		};
/* End PBXResourcesBuildPhase section */

/* Begin PBXShellScriptBuildPhase section */
		46385FE919B01DB3FB3BEBAE /* [CP] Embed Pods Frameworks */ = {
			isa = PBXShellScriptBuildPhase;
			buildActionMask = 2147483647;
			files = (
			);
			inputPaths = (
			);
			name = "[CP] Embed Pods Frameworks";
			outputPaths = (
			);
			runOnlyForDeploymentPostprocessing = 0;
			shellPath = /bin/sh;
			shellScript = "\"${SRCROOT}/Pods/Target Support Files/Pods-AeTrapp/Pods-AeTrapp-frameworks.sh\"\n";
			showEnvVarsInLog = 0;
		};
		B52CC44D1F1C672E0068A1E1 /* ShellScript */ = {
			isa = PBXShellScriptBuildPhase;
			buildActionMask = 2147483647;
			files = (
			);
			inputPaths = (
			);
			outputPaths = (
			);
			runOnlyForDeploymentPostprocessing = 0;
			shellPath = /bin/sh;
			shellScript = "\"${PODS_ROOT}/Fabric/run\" ff3283a96f78aab7dae481fb96abdf59f900e2c6 f9cfee22b0908df5e5a3a8b86273933b594050c200548213b11047dfbc97eadc";
		};
		C92FA2CF29001646C21D8BBE /* [CP] Check Pods Manifest.lock */ = {
			isa = PBXShellScriptBuildPhase;
			buildActionMask = 2147483647;
			files = (
			);
			inputPaths = (
			);
			name = "[CP] Check Pods Manifest.lock";
			outputPaths = (
			);
			runOnlyForDeploymentPostprocessing = 0;
			shellPath = /bin/sh;
			shellScript = "diff \"${PODS_ROOT}/../Podfile.lock\" \"${PODS_ROOT}/Manifest.lock\" > /dev/null\nif [ $? != 0 ] ; then\n    # print error to STDERR\n    echo \"error: The sandbox is not in sync with the Podfile.lock. Run 'pod install' or update your CocoaPods installation.\" >&2\n    exit 1\nfi\n";
			showEnvVarsInLog = 0;
		};
		E15BC96C7558E50B5EBD9B82 /* [CP] Copy Pods Resources */ = {
			isa = PBXShellScriptBuildPhase;
			buildActionMask = 2147483647;
			files = (
			);
			inputPaths = (
			);
			name = "[CP] Copy Pods Resources";
			outputPaths = (
			);
			runOnlyForDeploymentPostprocessing = 0;
			shellPath = /bin/sh;
			shellScript = "\"${SRCROOT}/Pods/Target Support Files/Pods-AeTrapp/Pods-AeTrapp-resources.sh\"\n";
			showEnvVarsInLog = 0;
		};
/* End PBXShellScriptBuildPhase section */

/* Begin PBXSourcesBuildPhase section */
		B5C234051F08952700EF7F49 /* Sources */ = {
			isa = PBXSourcesBuildPhase;
			buildActionMask = 2147483647;
			files = (
				B5C2340F1F08952700EF7F49 /* ViewController.swift in Sources */,
				B52CC44F1F1C6ED50068A1E1 /* UIViewController+Extensions.swift in Sources */,
				B52C0FD01F33CC28008AF507 /* Onboarding.swift in Sources */,
				B5C2340D1F08952700EF7F49 /* AppDelegate.swift in Sources */,
			);
			runOnlyForDeploymentPostprocessing = 0;
		};
/* End PBXSourcesBuildPhase section */

/* Begin PBXVariantGroup section */
		B5C234101F08952700EF7F49 /* Main.storyboard */ = {
			isa = PBXVariantGroup;
			children = (
				B5C234111F08952700EF7F49 /* Base */,
			);
			name = Main.storyboard;
			sourceTree = "<group>";
		};
		B5C234151F08952700EF7F49 /* LaunchScreen.storyboard */ = {
			isa = PBXVariantGroup;
			children = (
				B5C234161F08952700EF7F49 /* Base */,
			);
			name = LaunchScreen.storyboard;
			sourceTree = "<group>";
		};
/* End PBXVariantGroup section */

/* Begin XCBuildConfiguration section */
		B5C234191F08952700EF7F49 /* Debug */ = {
			isa = XCBuildConfiguration;
			buildSettings = {
				ALWAYS_SEARCH_USER_PATHS = NO;
				CLANG_ANALYZER_NONNULL = YES;
				CLANG_ANALYZER_NUMBER_OBJECT_CONVERSION = YES_AGGRESSIVE;
				CLANG_CXX_LANGUAGE_STANDARD = "gnu++0x";
				CLANG_CXX_LIBRARY = "libc++";
				CLANG_ENABLE_MODULES = YES;
				CLANG_ENABLE_OBJC_ARC = YES;
				CLANG_WARN_BOOL_CONVERSION = YES;
				CLANG_WARN_CONSTANT_CONVERSION = YES;
				CLANG_WARN_DIRECT_OBJC_ISA_USAGE = YES_ERROR;
				CLANG_WARN_DOCUMENTATION_COMMENTS = YES;
				CLANG_WARN_EMPTY_BODY = YES;
				CLANG_WARN_ENUM_CONVERSION = YES;
				CLANG_WARN_INFINITE_RECURSION = YES;
				CLANG_WARN_INT_CONVERSION = YES;
				CLANG_WARN_OBJC_ROOT_CLASS = YES_ERROR;
				CLANG_WARN_SUSPICIOUS_MOVE = YES;
				CLANG_WARN_UNREACHABLE_CODE = YES;
				CLANG_WARN__DUPLICATE_METHOD_MATCH = YES;
				"CODE_SIGN_IDENTITY[sdk=iphoneos*]" = "iPhone Developer";
				COPY_PHASE_STRIP = NO;
				DEBUG_INFORMATION_FORMAT = dwarf;
				ENABLE_STRICT_OBJC_MSGSEND = YES;
				ENABLE_TESTABILITY = YES;
				GCC_C_LANGUAGE_STANDARD = gnu99;
				GCC_DYNAMIC_NO_PIC = NO;
				GCC_NO_COMMON_BLOCKS = YES;
				GCC_OPTIMIZATION_LEVEL = 0;
				GCC_PREPROCESSOR_DEFINITIONS = (
					"DEBUG=1",
					"$(inherited)",
				);
				GCC_WARN_64_TO_32_BIT_CONVERSION = YES;
				GCC_WARN_ABOUT_RETURN_TYPE = YES_ERROR;
				GCC_WARN_UNDECLARED_SELECTOR = YES;
				GCC_WARN_UNINITIALIZED_AUTOS = YES_AGGRESSIVE;
				GCC_WARN_UNUSED_FUNCTION = YES;
				GCC_WARN_UNUSED_VARIABLE = YES;
				IPHONEOS_DEPLOYMENT_TARGET = 10.3;
				MTL_ENABLE_DEBUG_INFO = YES;
				ONLY_ACTIVE_ARCH = YES;
				SDKROOT = iphoneos;
				SWIFT_ACTIVE_COMPILATION_CONDITIONS = DEBUG;
				SWIFT_OPTIMIZATION_LEVEL = "-Onone";
			};
			name = Debug;
		};
		B5C2341A1F08952700EF7F49 /* Release */ = {
			isa = XCBuildConfiguration;
			buildSettings = {
				ALWAYS_SEARCH_USER_PATHS = NO;
				CLANG_ANALYZER_NONNULL = YES;
				CLANG_ANALYZER_NUMBER_OBJECT_CONVERSION = YES_AGGRESSIVE;
				CLANG_CXX_LANGUAGE_STANDARD = "gnu++0x";
				CLANG_CXX_LIBRARY = "libc++";
				CLANG_ENABLE_MODULES = YES;
				CLANG_ENABLE_OBJC_ARC = YES;
				CLANG_WARN_BOOL_CONVERSION = YES;
				CLANG_WARN_CONSTANT_CONVERSION = YES;
				CLANG_WARN_DIRECT_OBJC_ISA_USAGE = YES_ERROR;
				CLANG_WARN_DOCUMENTATION_COMMENTS = YES;
				CLANG_WARN_EMPTY_BODY = YES;
				CLANG_WARN_ENUM_CONVERSION = YES;
				CLANG_WARN_INFINITE_RECURSION = YES;
				CLANG_WARN_INT_CONVERSION = YES;
				CLANG_WARN_OBJC_ROOT_CLASS = YES_ERROR;
				CLANG_WARN_SUSPICIOUS_MOVE = YES;
				CLANG_WARN_UNREACHABLE_CODE = YES;
				CLANG_WARN__DUPLICATE_METHOD_MATCH = YES;
				"CODE_SIGN_IDENTITY[sdk=iphoneos*]" = "iPhone Developer";
				COPY_PHASE_STRIP = NO;
				DEBUG_INFORMATION_FORMAT = "dwarf-with-dsym";
				ENABLE_NS_ASSERTIONS = NO;
				ENABLE_STRICT_OBJC_MSGSEND = YES;
				GCC_C_LANGUAGE_STANDARD = gnu99;
				GCC_NO_COMMON_BLOCKS = YES;
				GCC_WARN_64_TO_32_BIT_CONVERSION = YES;
				GCC_WARN_ABOUT_RETURN_TYPE = YES_ERROR;
				GCC_WARN_UNDECLARED_SELECTOR = YES;
				GCC_WARN_UNINITIALIZED_AUTOS = YES_AGGRESSIVE;
				GCC_WARN_UNUSED_FUNCTION = YES;
				GCC_WARN_UNUSED_VARIABLE = YES;
				IPHONEOS_DEPLOYMENT_TARGET = 10.3;
				MTL_ENABLE_DEBUG_INFO = NO;
				SDKROOT = iphoneos;
				SWIFT_OPTIMIZATION_LEVEL = "-Owholemodule";
				VALIDATE_PRODUCT = YES;
			};
			name = Release;
		};
		B5C2341C1F08952700EF7F49 /* Debug */ = {
			isa = XCBuildConfiguration;
			baseConfigurationReference = 96C11A3C4F9D041C2A435077 /* Pods-AeTrapp.debug.xcconfig */;
			buildSettings = {
				ASSETCATALOG_COMPILER_APPICON_NAME = AppIcon;
				DEVELOPMENT_TEAM = 672A5ZY4XW;
				INFOPLIST_FILE = AeTrapp/Info.plist;
				LD_RUNPATH_SEARCH_PATHS = "$(inherited) @executable_path/Frameworks";
				PRODUCT_BUNDLE_IDENTIFIER = com.RenanMatias.AeTrapp;
				PRODUCT_NAME = "$(TARGET_NAME)";
				SWIFT_VERSION = 3.0;
			};
			name = Debug;
		};
		B5C2341D1F08952700EF7F49 /* Release */ = {
			isa = XCBuildConfiguration;
			baseConfigurationReference = 714543EB4D5A62FF41AF947E /* Pods-AeTrapp.release.xcconfig */;
			buildSettings = {
				ASSETCATALOG_COMPILER_APPICON_NAME = AppIcon;
				DEVELOPMENT_TEAM = 672A5ZY4XW;
				INFOPLIST_FILE = AeTrapp/Info.plist;
				LD_RUNPATH_SEARCH_PATHS = "$(inherited) @executable_path/Frameworks";
				PRODUCT_BUNDLE_IDENTIFIER = com.RenanMatias.AeTrapp;
				PRODUCT_NAME = "$(TARGET_NAME)";
				SWIFT_VERSION = 3.0;
			};
			name = Release;
		};
/* End XCBuildConfiguration section */

/* Begin XCConfigurationList section */
		B5C234041F08952700EF7F49 /* Build configuration list for PBXProject "AeTrapp" */ = {
			isa = XCConfigurationList;
			buildConfigurations = (
				B5C234191F08952700EF7F49 /* Debug */,
				B5C2341A1F08952700EF7F49 /* Release */,
			);
			defaultConfigurationIsVisible = 0;
			defaultConfigurationName = Release;
		};
		B5C2341B1F08952700EF7F49 /* Build configuration list for PBXNativeTarget "AeTrapp" */ = {
			isa = XCConfigurationList;
			buildConfigurations = (
				B5C2341C1F08952700EF7F49 /* Debug */,
				B5C2341D1F08952700EF7F49 /* Release */,
			);
			defaultConfigurationIsVisible = 0;
			defaultConfigurationName = Release;
		};
/* End XCConfigurationList section */
	};
	rootObject = B5C234011F08952700EF7F49 /* Project object */;
}
